
Microsoft Visual Studio Solution File, Format Version 12.00
# Visual Studio 2015
Project("{FAE04EC0-301F-11D3-BF4B-00C04F79EFBC}") = "Space Arena.CSharp.Plugins", "Space Arena.CSharp.Plugins.csproj", "{6FB6DD76-3FC4-B029-0333-6DDBAACB957B}"
EndProject
Project("{FAE04EC0-301F-11D3-BF4B-00C04F79EFBC}") = "Space Arena.CSharp", "Space Arena.CSharp.csproj", "{F6C5A854-7BE0-3DDE-CED2-5FA6A3AD1F10}"
EndProject
Project("{FAE04EC0-301F-11D3-BF4B-00C04F79EFBC}") = "Space Arena.CSharp.Editor", "Space Arena.CSharp.Editor.csproj", "{DF3388F6-4247-6E62-09AF-25881613CF74}"
EndProject
Global
	GlobalSection(SolutionConfigurationPlatforms) = preSolution
		Debug|Any CPU = Debug|Any CPU
		Release|Any CPU = Release|Any CPU
	EndGlobalSection
	GlobalSection(ProjectConfigurationPlatforms) = postSolution
		{6FB6DD76-3FC4-B029-0333-6DDBAACB957B}.Debug|Any CPU.ActiveCfg = Debug|Any CPU
		{6FB6DD76-3FC4-B029-0333-6DDBAACB957B}.Debug|Any CPU.Build.0 = Debug|Any CPU
		{6FB6DD76-3FC4-B029-0333-6DDBAACB957B}.Release|Any CPU.ActiveCfg = Release|Any CPU
		{6FB6DD76-3FC4-B029-0333-6DDBAACB957B}.Release|Any CPU.Build.0 = Release|Any CPU
		{F6C5A854-7BE0-3DDE-CED2-5FA6A3AD1F10}.Debug|Any CPU.ActiveCfg = Debug|Any CPU
		{F6C5A854-7BE0-3DDE-CED2-5FA6A3AD1F10}.Debug|Any CPU.Build.0 = Debug|Any CPU
		{F6C5A854-7BE0-3DDE-CED2-5FA6A3AD1F10}.Release|Any CPU.ActiveCfg = Release|Any CPU
		{F6C5A854-7BE0-3DDE-CED2-5FA6A3AD1F10}.Release|Any CPU.Build.0 = Release|Any CPU
		{DF3388F6-4247-6E62-09AF-25881613CF74}.Debug|Any CPU.ActiveCfg = Debug|Any CPU
		{DF3388F6-4247-6E62-09AF-25881613CF74}.Debug|Any CPU.Build.0 = Debug|Any CPU
		{DF3388F6-4247-6E62-09AF-25881613CF74}.Release|Any CPU.ActiveCfg = Release|Any CPU
		{DF3388F6-4247-6E62-09AF-25881613CF74}.Release|Any CPU.Build.0 = Release|Any CPU
	EndGlobalSection
	GlobalSection(SolutionProperties) = preSolution
		HideSolutionNode = FALSE
	EndGlobalSection
EndGlobal
